// !$*UTF8*$!
{
	archiveVersion = 1;
	classes = {
	};
	objectVersion = 46;
	objects = {

/* Begin PBXBuildFile section */
		36AA21931EC4CD8F000FD537 /* AppDelegate.swift in Sources */ = {isa = PBXBuildFile; fileRef = 36AA21921EC4CD8F000FD537 /* AppDelegate.swift */; };
		36AA21951EC4CD8F000FD537 /* ViewController.swift in Sources */ = {isa = PBXBuildFile; fileRef = 36AA21941EC4CD8F000FD537 /* ViewController.swift */; };
		36AA219A1EC4CD90000FD537 /* Assets.xcassets in Resources */ = {isa = PBXBuildFile; fileRef = 36AA21991EC4CD90000FD537 /* Assets.xcassets */; };
		36AA219D1EC4CD91000FD537 /* LaunchScreen.storyboard in Resources */ = {isa = PBXBuildFile; fileRef = 36AA219B1EC4CD91000FD537 /* LaunchScreen.storyboard */; };
		36AA21A81EC4CD94000FD537 /* PropertyLists_QuanTests.swift in Sources */ = {isa = PBXBuildFile; fileRef = 36AA21A71EC4CD94000FD537 /* PropertyLists_QuanTests.swift */; };
		36AA21B31EC4CD95000FD537 /* PropertyLists_QuanUITests.swift in Sources */ = {isa = PBXBuildFile; fileRef = 36AA21B21EC4CD95000FD537 /* PropertyLists_QuanUITests.swift */; };
		36AA21C11EC4CE9F000FD537 /* Main.storyboard in Resources */ = {isa = PBXBuildFile; fileRef = 36AA21C01EC4CE9F000FD537 /* Main.storyboard */; };
		36AA21C31EC4CF09000FD537 /* Data.plist in Resources */ = {isa = PBXBuildFile; fileRef = 36AA21C21EC4CF09000FD537 /* Data.plist */; };
/* End PBXBuildFile section */

/* Begin PBXContainerItemProxy section */
		36AA21A41EC4CD94000FD537 /* PBXContainerItemProxy */ = {
			isa = PBXContainerItemProxy;
			containerPortal = 36AA21871EC4CD8C000FD537 /* Project object */;
			proxyType = 1;
			remoteGlobalIDString = 36AA218E1EC4CD8D000FD537;
			remoteInfo = PropertyLists_Quan;
		};
		36AA21AF1EC4CD94000FD537 /* PBXContainerItemProxy */ = {
			isa = PBXContainerItemProxy;
			containerPortal = 36AA21871EC4CD8C000FD537 /* Project object */;
			proxyType = 1;
			remoteGlobalIDString = 36AA218E1EC4CD8D000FD537;
			remoteInfo = PropertyLists_Quan;
		};
/* End PBXContainerItemProxy section */

/* Begin PBXFileReference section */
		36AA218F1EC4CD8D000FD537 /* PropertyLists_Quan.app */ = {isa = PBXFileReference; explicitFileType = wrapper.application; includeInIndex = 0; path = PropertyLists_Quan.app; sourceTree = BUILT_PRODUCTS_DIR; };
		36AA21921EC4CD8F000FD537 /* AppDelegate.swift */ = {isa = PBXFileReference; lastKnownFileType = sourcecode.swift; path = AppDelegate.swift; sourceTree = "<group>"; };
		36AA21941EC4CD8F000FD537 /* ViewController.swift */ = {isa = PBXFileReference; lastKnownFileType = sourcecode.swift; path = ViewController.swift; sourceTree = "<group>"; };
		36AA21991EC4CD90000FD537 /* Assets.xcassets */ = {isa = PBXFileReference; lastKnownFileType = folder.assetcatalog; path = Assets.xcassets; sourceTree = "<group>"; };
		36AA219C1EC4CD91000FD537 /* Base */ = {isa = PBXFileReference; lastKnownFileType = file.storyboard; name = Base; path = Base.lproj/LaunchScreen.storyboard; sourceTree = "<group>"; };
		36AA219E1EC4CD91000FD537 /* Info.plist */ = {isa = PBXFileReference; lastKnownFileType = text.plist.xml; path = Info.plist; sourceTree = "<group>"; };
		36AA21A31EC4CD94000FD537 /* PropertyLists_QuanTests.xctest */ = {isa = PBXFileReference; explicitFileType = wrapper.cfbundle; includeInIndex = 0; path = PropertyLists_QuanTests.xctest; sourceTree = BUILT_PRODUCTS_DIR; };
		36AA21A71EC4CD94000FD537 /* PropertyLists_QuanTests.swift */ = {isa = PBXFileReference; lastKnownFileType = sourcecode.swift; path = PropertyLists_QuanTests.swift; sourceTree = "<group>"; };
		36AA21A91EC4CD94000FD537 /* Info.plist */ = {isa = PBXFileReference; lastKnownFileType = text.plist.xml; path = Info.plist; sourceTree = "<group>"; };
		36AA21AE1EC4CD94000FD537 /* PropertyLists_QuanUITests.xctest */ = {isa = PBXFileReference; explicitFileType = wrapper.cfbundle; includeInIndex = 0; path = PropertyLists_QuanUITests.xctest; sourceTree = BUILT_PRODUCTS_DIR; };
		36AA21B21EC4CD95000FD537 /* PropertyLists_QuanUITests.swift */ = {isa = PBXFileReference; lastKnownFileType = sourcecode.swift; path = PropertyLists_QuanUITests.swift; sourceTree = "<group>"; };
		36AA21B41EC4CD95000FD537 /* Info.plist */ = {isa = PBXFileReference; lastKnownFileType = text.plist.xml; path = Info.plist; sourceTree = "<group>"; };
		36AA21C01EC4CE9F000FD537 /* Main.storyboard */ = {isa = PBXFileReference; fileEncoding = 4; lastKnownFileType = file.storyboard; path = Main.storyboard; sourceTree = "<group>"; };
		36AA21C21EC4CF09000FD537 /* Data.plist */ = {isa = PBXFileReference; fileEncoding = 4; lastKnownFileType = text.plist.xml; path = Data.plist; sourceTree = "<group>"; };
/* End PBXFileReference section */

/* Begin PBXFrameworksBuildPhase section */
		36AA218C1EC4CD8D000FD537 /* Frameworks */ = {
			isa = PBXFrameworksBuildPhase;
			buildActionMask = 2147483647;
			files = (
			);
			runOnlyForDeploymentPostprocessing = 0;
		};
		36AA21A01EC4CD94000FD537 /* Frameworks */ = {
			isa = PBXFrameworksBuildPhase;
			buildActionMask = 2147483647;
			files = (
			);
			runOnlyForDeploymentPostprocessing = 0;
		};
		36AA21AB1EC4CD94000FD537 /* Frameworks */ = {
			isa = PBXFrameworksBuildPhase;
			buildActionMask = 2147483647;
			files = (
			);
			runOnlyForDeploymentPostprocessing = 0;
		};
/* End PBXFrameworksBuildPhase section */

/* Begin PBXGroup section */
		36AA21861EC4CD8C000FD537 = {
			isa = PBXGroup;
			children = (
				36AA21911EC4CD8D000FD537 /* PropertyLists_Quan */,
				36AA21A61EC4CD94000FD537 /* PropertyLists_QuanTests */,
				36AA21B11EC4CD94000FD537 /* PropertyLists_QuanUITests */,
				36AA21901EC4CD8D000FD537 /* Products */,
			);
			sourceTree = "<group>";
		};
		36AA21901EC4CD8D000FD537 /* Products */ = {
			isa = PBXGroup;
			children = (
				36AA218F1EC4CD8D000FD537 /* PropertyLists_Quan.app */,
				36AA21A31EC4CD94000FD537 /* PropertyLists_QuanTests.xctest */,
				36AA21AE1EC4CD94000FD537 /* PropertyLists_QuanUITests.xctest */,
			);
			name = Products;
			sourceTree = "<group>";
		};
		36AA21911EC4CD8D000FD537 /* PropertyLists_Quan */ = {
			isa = PBXGroup;
			children = (
				36AA21921EC4CD8F000FD537 /* AppDelegate.swift */,
				36AA21941EC4CD8F000FD537 /* ViewController.swift */,
				36AA21C01EC4CE9F000FD537 /* Main.storyboard */,
				36AA21991EC4CD90000FD537 /* Assets.xcassets */,
				36AA219B1EC4CD91000FD537 /* LaunchScreen.storyboard */,
				36AA219E1EC4CD91000FD537 /* Info.plist */,
				36AA21C21EC4CF09000FD537 /* Data.plist */,
			);
			path = PropertyLists_Quan;
			sourceTree = "<group>";
		};
		36AA21A61EC4CD94000FD537 /* PropertyLists_QuanTests */ = {
			isa = PBXGroup;
			children = (
				36AA21A71EC4CD94000FD537 /* PropertyLists_QuanTests.swift */,
				36AA21A91EC4CD94000FD537 /* Info.plist */,
			);
			path = PropertyLists_QuanTests;
			sourceTree = "<group>";
		};
		36AA21B11EC4CD94000FD537 /* PropertyLists_QuanUITests */ = {
			isa = PBXGroup;
			children = (
				36AA21B21EC4CD95000FD537 /* PropertyLists_QuanUITests.swift */,
				36AA21B41EC4CD95000FD537 /* Info.plist */,
			);
			path = PropertyLists_QuanUITests;
			sourceTree = "<group>";
		};
/* End PBXGroup section */

/* Begin PBXNativeTarget section */
		36AA218E1EC4CD8D000FD537 /* PropertyLists_Quan */ = {
			isa = PBXNativeTarget;
			buildConfigurationList = 36AA21B71EC4CD95000FD537 /* Build configuration list for PBXNativeTarget "PropertyLists_Quan" */;
			buildPhases = (
				36AA218B1EC4CD8D000FD537 /* Sources */,
				36AA218C1EC4CD8D000FD537 /* Frameworks */,
				36AA218D1EC4CD8D000FD537 /* Resources */,
			);
			buildRules = (
			);
			dependencies = (
			);
			name = PropertyLists_Quan;
			productName = PropertyLists_Quan;
			productReference = 36AA218F1EC4CD8D000FD537 /* PropertyLists_Quan.app */;
			productType = "com.apple.product-type.application";
		};
		36AA21A21EC4CD94000FD537 /* PropertyLists_QuanTests */ = {
			isa = PBXNativeTarget;
			buildConfigurationList = 36AA21BA1EC4CD95000FD537 /* Build configuration list for PBXNativeTarget "PropertyLists_QuanTests" */;
			buildPhases = (
				36AA219F1EC4CD94000FD537 /* Sources */,
				36AA21A01EC4CD94000FD537 /* Frameworks */,
				36AA21A11EC4CD94000FD537 /* Resources */,
			);
			buildRules = (
			);
			dependencies = (
				36AA21A51EC4CD94000FD537 /* PBXTargetDependency */,
			);
			name = PropertyLists_QuanTests;
			productName = PropertyLists_QuanTests;
			productReference = 36AA21A31EC4CD94000FD537 /* PropertyLists_QuanTests.xctest */;
			productType = "com.apple.product-type.bundle.unit-test";
		};
		36AA21AD1EC4CD94000FD537 /* PropertyLists_QuanUITests */ = {
			isa = PBXNativeTarget;
			buildConfigurationList = 36AA21BD1EC4CD95000FD537 /* Build configuration list for PBXNativeTarget "PropertyLists_QuanUITests" */;
			buildPhases = (
				36AA21AA1EC4CD94000FD537 /* Sources */,
				36AA21AB1EC4CD94000FD537 /* Frameworks */,
				36AA21AC1EC4CD94000FD537 /* Resources */,
			);
			buildRules = (
			);
			dependencies = (
				36AA21B01EC4CD94000FD537 /* PBXTargetDependency */,
			);
			name = PropertyLists_QuanUITests;
			productName = PropertyLists_QuanUITests;
			productReference = 36AA21AE1EC4CD94000FD537 /* PropertyLists_QuanUITests.xctest */;
			productType = "com.apple.product-type.bundle.ui-testing";
		};
/* End PBXNativeTarget section */

/* Begin PBXProject section */
		36AA21871EC4CD8C000FD537 /* Project object */ = {
			isa = PBXProject;
			attributes = {
				LastSwiftUpdateCheck = 0830;
				LastUpgradeCheck = 0830;
				ORGANIZATIONNAME = quanmacos;
				TargetAttributes = {
					36AA218E1EC4CD8D000FD537 = {
						CreatedOnToolsVersion = 8.3.1;
						ProvisioningStyle = Automatic;
					};
					36AA21A21EC4CD94000FD537 = {
						CreatedOnToolsVersion = 8.3.1;
						ProvisioningStyle = Automatic;
						TestTargetID = 36AA218E1EC4CD8D000FD537;
					};
					36AA21AD1EC4CD94000FD537 = {
						CreatedOnToolsVersion = 8.3.1;
						ProvisioningStyle = Automatic;
						TestTargetID = 36AA218E1EC4CD8D000FD537;
					};
				};
			};
			buildConfigurationList = 36AA218A1EC4CD8C000FD537 /* Build configuration list for PBXProject "PropertyLists_Quan" */;
			compatibilityVersion = "Xcode 3.2";
			developmentRegion = English;
			hasScannedForEncodings = 0;
			knownRegions = (
				en,
				Base,
			);
			mainGroup = 36AA21861EC4CD8C000FD537;
			productRefGroup = 36AA21901EC4CD8D000FD537 /* Products */;
			projectDirPath = "";
			projectRoot = "";
			targets = (
				36AA218E1EC4CD8D000FD537 /* PropertyLists_Quan */,
				36AA21A21EC4CD94000FD537 /* PropertyLists_QuanTests */,
				36AA21AD1EC4CD94000FD537 /* PropertyLists_QuanUITests */,
			);
		};
/* End PBXProject section */

/* Begin PBXResourcesBuildPhase section */
		36AA218D1EC4CD8D000FD537 /* Resources */ = {
			isa = PBXResourcesBuildPhase;
			buildActionMask = 2147483647;
			files = (
				36AA21C11EC4CE9F000FD537 /* Main.storyboard in Resources */,
				36AA219D1EC4CD91000FD537 /* LaunchScreen.storyboard in Resources */,
				36AA219A1EC4CD90000FD537 /* Assets.xcassets in Resources */,
				36AA21C31EC4CF09000FD537 /* Data.plist in Resources */,
			);
			runOnlyForDeploymentPostprocessing = 0;
		};
		36AA21A11EC4CD94000FD537 /* Resources */ = {
			isa = PBXResourcesBuildPhase;
			buildActionMask = 2147483647;
			files = (
			);
			runOnlyForDeploymentPostprocessing = 0;
		};
		36AA21AC1EC4CD94000FD537 /* Resources */ = {
			isa = PBXResourcesBuildPhase;
			buildActionMask = 2147483647;
			files = (
			);
			runOnlyForDeploymentPostprocessing = 0;
		};
/* End PBXResourcesBuildPhase section */

/* Begin PBXSourcesBuildPhase section */
		36AA218B1EC4CD8D000FD537 /* Sources */ = {
			isa = PBXSourcesBuildPhase;
			buildActionMask = 2147483647;
			files = (
				36AA21951EC4CD8F000FD537 /* ViewController.swift in Sources */,
				36AA21931EC4CD8F000FD537 /* AppDelegate.swift in Sources */,
			);
			runOnlyForDeploymentPostprocessing = 0;
		};
		36AA219F1EC4CD94000FD537 /* Sources */ = {
			isa = PBXSourcesBuildPhase;
			buildActionMask = 2147483647;
			files = (
				36AA21A81EC4CD94000FD537 /* PropertyLists_QuanTests.swift in Sources */,
			);
			runOnlyForDeploymentPostprocessing = 0;
		};
		36AA21AA1EC4CD94000FD537 /* Sources */ = {
			isa = PBXSourcesBuildPhase;
			buildActionMask = 2147483647;
			files = (
				36AA21B31EC4CD95000FD537 /* PropertyLists_QuanUITests.swift in Sources */,
			);
			runOnlyForDeploymentPostprocessing = 0;
		};
/* End PBXSourcesBuildPhase section */

/* Begin PBXTargetDependency section */
		36AA21A51EC4CD94000FD537 /* PBXTargetDependency */ = {
			isa = PBXTargetDependency;
			target = 36AA218E1EC4CD8D000FD537 /* PropertyLists_Quan */;
			targetProxy = 36AA21A41EC4CD94000FD537 /* PBXContainerItemProxy */;
		};
		36AA21B01EC4CD94000FD537 /* PBXTargetDependency */ = {
			isa = PBXTargetDependency;
			target = 36AA218E1EC4CD8D000FD537 /* PropertyLists_Quan */;
			targetProxy = 36AA21AF1EC4CD94000FD537 /* PBXContainerItemProxy */;
		};
/* End PBXTargetDependency section */

/* Begin PBXVariantGroup section */
		36AA219B1EC4CD91000FD537 /* LaunchScreen.storyboard */ = {
			isa = PBXVariantGroup;
			children = (
				36AA219C1EC4CD91000FD537 /* Base */,
			);
			name = LaunchScreen.storyboard;
			sourceTree = "<group>";
		};
/* End PBXVariantGroup section */

/* Begin XCBuildConfiguration section */
		36AA21B51EC4CD95000FD537 /* Debug */ = {
			isa = XCBuildConfiguration;
			buildSettings = {
				ALWAYS_SEARCH_USER_PATHS = NO;
				CLANG_ANALYZER_NONNULL = YES;
				CLANG_ANALYZER_NUMBER_OBJECT_CONVERSION = YES_AGGRESSIVE;
				CLANG_CXX_LANGUAGE_STANDARD = "gnu++0x";
				CLANG_CXX_LIBRARY = "libc++";
				CLANG_ENABLE_MODULES = YES;
				CLANG_ENABLE_OBJC_ARC = YES;
				CLANG_WARN_BOOL_CONVERSION = YES;
				CLANG_WARN_CONSTANT_CONVERSION = YES;
				CLANG_WARN_DIRECT_OBJC_ISA_USAGE = YES_ERROR;
				CLANG_WARN_DOCUMENTATION_COMMENTS = YES;
				CLANG_WARN_EMPTY_BODY = YES;
				CLANG_WARN_ENUM_CONVERSION = YES;
				CLANG_WARN_INFINITE_RECURSION = YES;
				CLANG_WARN_INT_CONVERSION = YES;
				CLANG_WARN_OBJC_ROOT_CLASS = YES_ERROR;
				CLANG_WARN_SUSPICIOUS_MOVE = YES;
				CLANG_WARN_UNREACHABLE_CODE = YES;
				CLANG_WARN__DUPLICATE_METHOD_MATCH = YES;
				"CODE_SIGN_IDENTITY[sdk=iphoneos*]" = "iPhone Developer";
				COPY_PHASE_STRIP = NO;
				DEBUG_INFORMATION_FORMAT = dwarf;
				ENABLE_STRICT_OBJC_MSGSEND = YES;
				ENABLE_TESTABILITY = YES;
				GCC_C_LANGUAGE_STANDARD = gnu99;
				GCC_DYNAMIC_NO_PIC = NO;
				GCC_NO_COMMON_BLOCKS = YES;
				GCC_OPTIMIZATION_LEVEL = 0;
				GCC_PREPROCESSOR_DEFINITIONS = (
					"DEBUG=1",
					"$(inherited)",
				);
				GCC_WARN_64_TO_32_BIT_CONVERSION = YES;
				GCC_WARN_ABOUT_RETURN_TYPE = YES_ERROR;
				GCC_WARN_UNDECLARED_SELECTOR = YES;
				GCC_WARN_UNINITIALIZED_AUTOS = YES_AGGRESSIVE;
				GCC_WARN_UNUSED_FUNCTION = YES;
				GCC_WARN_UNUSED_VARIABLE = YES;
				IPHONEOS_DEPLOYMENT_TARGET = 10.3;
				MTL_ENABLE_DEBUG_INFO = YES;
				ONLY_ACTIVE_ARCH = YES;
				SDKROOT = iphoneos;
				SWIFT_ACTIVE_COMPILATION_CONDITIONS = DEBUG;
				SWIFT_OPTIMIZATION_LEVEL = "-Onone";
			};
			name = Debug;
		};
		36AA21B61EC4CD95000FD537 /* Release */ = {
			isa = XCBuildConfiguration;
			buildSettings = {
				ALWAYS_SEARCH_USER_PATHS = NO;
				CLANG_ANALYZER_NONNULL = YES;
				CLANG_ANALYZER_NUMBER_OBJECT_CONVERSION = YES_AGGRESSIVE;
				CLANG_CXX_LANGUAGE_STANDARD = "gnu++0x";
				CLANG_CXX_LIBRARY = "libc++";
				CLANG_ENABLE_MODULES = YES;
				CLANG_ENABLE_OBJC_ARC = YES;
				CLANG_WARN_BOOL_CONVERSION = YES;
				CLANG_WARN_CONSTANT_CONVERSION = YES;
				CLANG_WARN_DIRECT_OBJC_ISA_USAGE = YES_ERROR;
				CLANG_WARN_DOCUMENTATION_COMMENTS = YES;
				CLANG_WARN_EMPTY_BODY = YES;
				CLANG_WARN_ENUM_CONVERSION = YES;
				CLANG_WARN_INFINITE_RECURSION = YES;
				CLANG_WARN_INT_CONVERSION = YES;
				CLANG_WARN_OBJC_ROOT_CLASS = YES_ERROR;
				CLANG_WARN_SUSPICIOUS_MOVE = YES;
				CLANG_WARN_UNREACHABLE_CODE = YES;
				CLANG_WARN__DUPLICATE_METHOD_MATCH = YES;
				"CODE_SIGN_IDENTITY[sdk=iphoneos*]" = "iPhone Developer";
				COPY_PHASE_STRIP = NO;
				DEBUG_INFORMATION_FORMAT = "dwarf-with-dsym";
				ENABLE_NS_ASSERTIONS = NO;
				ENABLE_STRICT_OBJC_MSGSEND = YES;
				GCC_C_LANGUAGE_STANDARD = gnu99;
				GCC_NO_COMMON_BLOCKS = YES;
				GCC_WARN_64_TO_32_BIT_CONVERSION = YES;
				GCC_WARN_ABOUT_RETURN_TYPE = YES_ERROR;
				GCC_WARN_UNDECLARED_SELECTOR = YES;
				GCC_WARN_UNINITIALIZED_AUTOS = YES_AGGRESSIVE;
				GCC_WARN_UNUSED_FUNCTION = YES;
				GCC_WARN_UNUSED_VARIABLE = YES;
				IPHONEOS_DEPLOYMENT_TARGET = 10.3;
				MTL_ENABLE_DEBUG_INFO = NO;
				SDKROOT = iphoneos;
				SWIFT_OPTIMIZATION_LEVEL = "-Owholemodule";
				VALIDATE_PRODUCT = YES;
			};
			name = Release;
		};
		36AA21B81EC4CD95000FD537 /* Debug */ = {
			isa = XCBuildConfiguration;
			buildSettings = {
				ASSETCATALOG_COMPILER_APPICON_NAME = AppIcon;
				INFOPLIST_FILE = PropertyLists_Quan/Info.plist;
				LD_RUNPATH_SEARCH_PATHS = "$(inherited) @executable_path/Frameworks";
				PRODUCT_BUNDLE_IDENTIFIER = "quanmacos.PropertyLists-Quan";
				PRODUCT_NAME = "$(TARGET_NAME)";
				SWIFT_VERSION = 3.0;
			};
			name = Debug;
		};
		36AA21B91EC4CD95000FD537 /* Release */ = {
			isa = XCBuildConfiguration;
			buildSettings = {
				ASSETCATALOG_COMPILER_APPICON_NAME = AppIcon;
				INFOPLIST_FILE = PropertyLists_Quan/Info.plist;
				LD_RUNPATH_SEARCH_PATHS = "$(inherited) @executable_path/Frameworks";
				PRODUCT_BUNDLE_IDENTIFIER = "quanmacos.PropertyLists-Quan";
				PRODUCT_NAME = "$(TARGET_NAME)";
				SWIFT_VERSION = 3.0;
			};
			name = Release;
		};
		36AA21BB1EC4CD95000FD537 /* Debug */ = {
			isa = XCBuildConfiguration;
			buildSettings = {
				ALWAYS_EMBED_SWIFT_STANDARD_LIBRARIES = YES;
				BUNDLE_LOADER = "$(TEST_HOST)";
				INFOPLIST_FILE = PropertyLists_QuanTests/Info.plist;
				LD_RUNPATH_SEARCH_PATHS = "$(inherited) @executable_path/Frameworks @loader_path/Frameworks";
				PRODUCT_BUNDLE_IDENTIFIER = "quanmacos.PropertyLists-QuanTests";
				PRODUCT_NAME = "$(TARGET_NAME)";
				SWIFT_VERSION = 3.0;
				TEST_HOST = "$(BUILT_PRODUCTS_DIR)/PropertyLists_Quan.app/PropertyLists_Quan";
			};
			name = Debug;
		};
		36AA21BC1EC4CD95000FD537 /* Release */ = {
			isa = XCBuildConfiguration;
			buildSettings = {
				ALWAYS_EMBED_SWIFT_STANDARD_LIBRARIES = YES;
				BUNDLE_LOADER = "$(TEST_HOST)";
				INFOPLIST_FILE = PropertyLists_QuanTests/Info.plist;
				LD_RUNPATH_SEARCH_PATHS = "$(inherited) @executable_path/Frameworks @loader_path/Frameworks";
				PRODUCT_BUNDLE_IDENTIFIER = "quanmacos.PropertyLists-QuanTests";
				PRODUCT_NAME = "$(TARGET_NAME)";
				SWIFT_VERSION = 3.0;
				TEST_HOST = "$(BUILT_PRODUCTS_DIR)/PropertyLists_Quan.app/PropertyLists_Quan";
			};
			name = Release;
		};
		36AA21BE1EC4CD95000FD537 /* Debug */ = {
			isa = XCBuildConfiguration;
			buildSettings = {
				ALWAYS_EMBED_SWIFT_STANDARD_LIBRARIES = YES;
				INFOPLIST_FILE = PropertyLists_QuanUITests/Info.plist;
				LD_RUNPATH_SEARCH_PATHS = "$(inherited) @executable_path/Frameworks @loader_path/Frameworks";
				PRODUCT_BUNDLE_IDENTIFIER = "quanmacos.PropertyLists-QuanUITests";
				PRODUCT_NAME = "$(TARGET_NAME)";
				SWIFT_VERSION = 3.0;
				TEST_TARGET_NAME = PropertyLists_Quan;
			};
			name = Debug;
		};
		36AA21BF1EC4CD95000FD537 /* Release */ = {
			isa = XCBuildConfiguration;
			buildSettings = {
				ALWAYS_EMBED_SWIFT_STANDARD_LIBRARIES = YES;
				INFOPLIST_FILE = PropertyLists_QuanUITests/Info.plist;
				LD_RUNPATH_SEARCH_PATHS = "$(inherited) @executable_path/Frameworks @loader_path/Frameworks";
				PRODUCT_BUNDLE_IDENTIFIER = "quanmacos.PropertyLists-QuanUITests";
				PRODUCT_NAME = "$(TARGET_NAME)";
				SWIFT_VERSION = 3.0;
				TEST_TARGET_NAME = PropertyLists_Quan;
			};
			name = Release;
		};
/* End XCBuildConfiguration section */

/* Begin XCConfigurationList section */
		36AA218A1EC4CD8C000FD537 /* Build configuration list for PBXProject "PropertyLists_Quan" */ = {
			isa = XCConfigurationList;
			buildConfigurations = (
				36AA21B51EC4CD95000FD537 /* Debug */,
				36AA21B61EC4CD95000FD537 /* Release */,
			);
			defaultConfigurationIsVisible = 0;
			defaultConfigurationName = Release;
		};
		36AA21B71EC4CD95000FD537 /* Build configuration list for PBXNativeTarget "PropertyLists_Quan" */ = {
			isa = XCConfigurationList;
			buildConfigurations = (
				36AA21B81EC4CD95000FD537 /* Debug */,
				36AA21B91EC4CD95000FD537 /* Release */,
			);
			defaultConfigurationIsVisible = 0;
		};
		36AA21BA1EC4CD95000FD537 /* Build configuration list for PBXNativeTarget "PropertyLists_QuanTests" */ = {
			isa = XCConfigurationList;
			buildConfigurations = (
				36AA21BB1EC4CD95000FD537 /* Debug */,
				36AA21BC1EC4CD95000FD537 /* Release */,
			);
			defaultConfigurationIsVisible = 0;
		};
		36AA21BD1EC4CD95000FD537 /* Build configuration list for PBXNativeTarget "PropertyLists_QuanUITests" */ = {
			isa = XCConfigurationList;
			buildConfigurations = (
				36AA21BE1EC4CD95000FD537 /* Debug */,
				36AA21BF1EC4CD95000FD537 /* Release */,
			);
			defaultConfigurationIsVisible = 0;
		};
/* End XCConfigurationList section */
	};
	rootObject = 36AA21871EC4CD8C000FD537 /* Project object */;
}
